
Microsoft Visual Studio Solution File, Format Version 12.00
# Visual Studio Version 16
VisualStudioVersion = 16.0.30320.27
MinimumVisualStudioVersion = 10.0.40219.1
Project("{FAE04EC0-301F-11D3-BF4B-00C04F79EFBC}") = "SodaMac", "SodaMac.csproj", "{12D88083-B126-427C-B37E-3E9FA73FD0FE}"
EndProject
Global
	GlobalSection(SolutionConfigurationPlatforms) = preSolution
		Debug|Any CPU = Debug|Any CPU
		Release|Any CPU = Release|Any CPU
	EndGlobalSection
	GlobalSection(ProjectConfigurationPlatforms) = postSolution
		{12D88083-B126-427C-B37E-3E9FA73FD0FE}.Debug|Any CPU.ActiveCfg = Debug|Any CPU
		{12D88083-B126-427C-B37E-3E9FA73FD0FE}.Debug|Any CPU.Build.0 = Debug|Any CPU
		{12D88083-B126-427C-B37E-3E9FA73FD0FE}.Release|Any CPU.ActiveCfg = Release|Any CPU
		{12D88083-B126-427C-B37E-3E9FA73FD0FE}.Release|Any CPU.Build.0 = Release|Any CPU
	EndGlobalSection
	GlobalSection(SolutionProperties) = preSolution
		HideSolutionNode = FALSE
	EndGlobalSection
	GlobalSection(ExtensibilityGlobals) = postSolution
		SolutionGuid = {2C35374A-2BAD-444C-AF0A-5908AF71FEA5}
	EndGlobalSection
EndGlobal
